
Microsoft Visual Studio Solution File, Format Version 12.00
# Visual Studio Version 16
VisualStudioVersion = 16.0.31005.135
MinimumVisualStudioVersion = 10.0.40219.1
Project("{FAE04EC0-301F-11D3-BF4B-00C04F79EFBC}") = "NotepadGps.Android", "NotepadGps\NotepadGps.Android\NotepadGps.Android.csproj", "{0E0E710E-FB22-4B2C-BA2D-C26F46966CFD}"
EndProject
Project("{FAE04EC0-301F-11D3-BF4B-00C04F79EFBC}") = "NotepadGps.iOS", "NotepadGps\NotepadGps.iOS\NotepadGps.iOS.csproj", "{F1C0BF1A-3A7E-4682-878A-3BC5A4662DE7}"
EndProject
Project("{FAE04EC0-301F-11D3-BF4B-00C04F79EFBC}") = "NotepadGps", "NotepadGps\NotepadGps\NotepadGps.csproj", "{E2888446-F146-43C8-953E-D95568B2E1B3}"
EndProject
Global
	GlobalSection(SolutionConfigurationPlatforms) = preSolution
		Debug|Any CPU = Debug|Any CPU
		Debug|iPhone = Debug|iPhone
		Debug|iPhoneSimulator = Debug|iPhoneSimulator
		Release|Any CPU = Release|Any CPU
		Release|iPhone = Release|iPhone
		Release|iPhoneSimulator = Release|iPhoneSimulator
	EndGlobalSection
	GlobalSection(ProjectConfigurationPlatforms) = postSolution
		{0E0E710E-FB22-4B2C-BA2D-C26F46966CFD}.Debug|Any CPU.ActiveCfg = Debug|Any CPU
		{0E0E710E-FB22-4B2C-BA2D-C26F46966CFD}.Debug|Any CPU.Build.0 = Debug|Any CPU
		{0E0E710E-FB22-4B2C-BA2D-C26F46966CFD}.Debug|Any CPU.Deploy.0 = Debug|Any CPU
		{0E0E710E-FB22-4B2C-BA2D-C26F46966CFD}.Debug|iPhone.ActiveCfg = Debug|Any CPU
		{0E0E710E-FB22-4B2C-BA2D-C26F46966CFD}.Debug|iPhone.Build.0 = Debug|Any CPU
		{0E0E710E-FB22-4B2C-BA2D-C26F46966CFD}.Debug|iPhone.Deploy.0 = Debug|Any CPU
		{0E0E710E-FB22-4B2C-BA2D-C26F46966CFD}.Debug|iPhoneSimulator.ActiveCfg = Debug|Any CPU
		{0E0E710E-FB22-4B2C-BA2D-C26F46966CFD}.Debug|iPhoneSimulator.Build.0 = Debug|Any CPU
		{0E0E710E-FB22-4B2C-BA2D-C26F46966CFD}.Debug|iPhoneSimulator.Deploy.0 = Debug|Any CPU
		{0E0E710E-FB22-4B2C-BA2D-C26F46966CFD}.Release|Any CPU.ActiveCfg = Release|Any CPU
		{0E0E710E-FB22-4B2C-BA2D-C26F46966CFD}.Release|Any CPU.Build.0 = Release|Any CPU
		{0E0E710E-FB22-4B2C-BA2D-C26F46966CFD}.Release|Any CPU.Deploy.0 = Release|Any CPU
		{0E0E710E-FB22-4B2C-BA2D-C26F46966CFD}.Release|iPhone.ActiveCfg = Release|Any CPU
		{0E0E710E-FB22-4B2C-BA2D-C26F46966CFD}.Release|iPhone.Build.0 = Release|Any CPU
		{0E0E710E-FB22-4B2C-BA2D-C26F46966CFD}.Release|iPhone.Deploy.0 = Release|Any CPU
		{0E0E710E-FB22-4B2C-BA2D-C26F46966CFD}.Release|iPhoneSimulator.ActiveCfg = Release|Any CPU
		{0E0E710E-FB22-4B2C-BA2D-C26F46966CFD}.Release|iPhoneSimulator.Build.0 = Release|Any CPU
		{0E0E710E-FB22-4B2C-BA2D-C26F46966CFD}.Release|iPhoneSimulator.Deploy.0 = Release|Any CPU
		{F1C0BF1A-3A7E-4682-878A-3BC5A4662DE7}.Debug|Any CPU.ActiveCfg = Debug|iPhone
		{F1C0BF1A-3A7E-4682-878A-3BC5A4662DE7}.Debug|Any CPU.Build.0 = Debug|iPhone
		{F1C0BF1A-3A7E-4682-878A-3BC5A4662DE7}.Debug|Any CPU.Deploy.0 = Debug|iPhone
		{F1C0BF1A-3A7E-4682-878A-3BC5A4662DE7}.Debug|iPhone.ActiveCfg = Debug|iPhone
		{F1C0BF1A-3A7E-4682-878A-3BC5A4662DE7}.Debug|iPhone.Build.0 = Debug|iPhone
		{F1C0BF1A-3A7E-4682-878A-3BC5A4662DE7}.Debug|iPhone.Deploy.0 = Debug|iPhone
		{F1C0BF1A-3A7E-4682-878A-3BC5A4662DE7}.Debug|iPhoneSimulator.ActiveCfg = Debug|iPhoneSimulator
		{F1C0BF1A-3A7E-4682-878A-3BC5A4662DE7}.Debug|iPhoneSimulator.Build.0 = Debug|iPhoneSimulator
		{F1C0BF1A-3A7E-4682-878A-3BC5A4662DE7}.Debug|iPhoneSimulator.Deploy.0 = Debug|iPhoneSimulator
		{F1C0BF1A-3A7E-4682-878A-3BC5A4662DE7}.Release|Any CPU.ActiveCfg = Release|iPhoneSimulator
		{F1C0BF1A-3A7E-4682-878A-3BC5A4662DE7}.Release|Any CPU.Build.0 = Release|iPhoneSimulator
		{F1C0BF1A-3A7E-4682-878A-3BC5A4662DE7}.Release|Any CPU.Deploy.0 = Release|iPhoneSimulator
		{F1C0BF1A-3A7E-4682-878A-3BC5A4662DE7}.Release|iPhone.ActiveCfg = Release|iPhone
		{F1C0BF1A-3A7E-4682-878A-3BC5A4662DE7}.Release|iPhone.Build.0 = Release|iPhone
		{F1C0BF1A-3A7E-4682-878A-3BC5A4662DE7}.Release|iPhone.Deploy.0 = Release|iPhone
		{F1C0BF1A-3A7E-4682-878A-3BC5A4662DE7}.Release|iPhoneSimulator.ActiveCfg = Release|iPhoneSimulator
		{F1C0BF1A-3A7E-4682-878A-3BC5A4662DE7}.Release|iPhoneSimulator.Build.0 = Release|iPhoneSimulator
		{F1C0BF1A-3A7E-4682-878A-3BC5A4662DE7}.Release|iPhoneSimulator.Deploy.0 = Release|iPhoneSimulator
		{E2888446-F146-43C8-953E-D95568B2E1B3}.Debug|Any CPU.ActiveCfg = Debug|Any CPU
		{E2888446-F146-43C8-953E-D95568B2E1B3}.Debug|Any CPU.Build.0 = Debug|Any CPU
		{E2888446-F146-43C8-953E-D95568B2E1B3}.Debug|Any CPU.Deploy.0 = Debug|Any CPU
		{E2888446-F146-43C8-953E-D95568B2E1B3}.Debug|iPhone.ActiveCfg = Debug|Any CPU
		{E2888446-F146-43C8-953E-D95568B2E1B3}.Debug|iPhone.Build.0 = Debug|Any CPU
		{E2888446-F146-43C8-953E-D95568B2E1B3}.Debug|iPhone.Deploy.0 = Debug|Any CPU
		{E2888446-F146-43C8-953E-D95568B2E1B3}.Debug|iPhoneSimulator.ActiveCfg = Debug|Any CPU
		{E2888446-F146-43C8-953E-D95568B2E1B3}.Debug|iPhoneSimulator.Build.0 = Debug|Any CPU
		{E2888446-F146-43C8-953E-D95568B2E1B3}.Debug|iPhoneSimulator.Deploy.0 = Debug|Any CPU
		{E2888446-F146-43C8-953E-D95568B2E1B3}.Release|Any CPU.ActiveCfg = Release|Any CPU
		{E2888446-F146-43C8-953E-D95568B2E1B3}.Release|Any CPU.Build.0 = Release|Any CPU
		{E2888446-F146-43C8-953E-D95568B2E1B3}.Release|Any CPU.Deploy.0 = Release|Any CPU
		{E2888446-F146-43C8-953E-D95568B2E1B3}.Release|iPhone.ActiveCfg = Release|Any CPU
		{E2888446-F146-43C8-953E-D95568B2E1B3}.Release|iPhone.Build.0 = Release|Any CPU
		{E2888446-F146-43C8-953E-D95568B2E1B3}.Release|iPhone.Deploy.0 = Release|Any CPU
		{E2888446-F146-43C8-953E-D95568B2E1B3}.Release|iPhoneSimulator.ActiveCfg = Release|Any CPU
		{E2888446-F146-43C8-953E-D95568B2E1B3}.Release|iPhoneSimulator.Build.0 = Release|Any CPU
		{E2888446-F146-43C8-953E-D95568B2E1B3}.Release|iPhoneSimulator.Deploy.0 = Release|Any CPU
	EndGlobalSection
	GlobalSection(SolutionProperties) = preSolution
		HideSolutionNode = FALSE
	EndGlobalSection
	GlobalSection(ExtensibilityGlobals) = postSolution
		SolutionGuid = {FACAB433-442D-4956-828F-B64797D4B6AE}
	EndGlobalSection
EndGlobal
